
Microsoft Visual Studio Solution File, Format Version 12.00
# Visual Studio Version 17
VisualStudioVersion = 17.13.35825.156 d17.13
MinimumVisualStudioVersion = 10.0.40219.1
Project("{FAE04EC0-301F-11D3-BF4B-00C04F79EFBC}") = "tetris-console", "tetris-console\tetris-console.csproj", "{E5E90361-B643-4580-A6AA-3C1B3B73A0B3}"
EndProject
Global
	GlobalSection(SolutionConfigurationPlatforms) = preSolution
		Debug|Any CPU = Debug|Any CPU
		Release|Any CPU = Release|Any CPU
	EndGlobalSection
	GlobalSection(ProjectConfigurationPlatforms) = postSolution
		{E5E90361-B643-4580-A6AA-3C1B3B73A0B3}.Debug|Any CPU.ActiveCfg = Debug|Any CPU
		{E5E90361-B643-4580-A6AA-3C1B3B73A0B3}.Debug|Any CPU.Build.0 = Debug|Any CPU
		{E5E90361-B643-4580-A6AA-3C1B3B73A0B3}.Release|Any CPU.ActiveCfg = Release|Any CPU
		{E5E90361-B643-4580-A6AA-3C1B3B73A0B3}.Release|Any CPU.Build.0 = Release|Any CPU
	EndGlobalSection
	GlobalSection(SolutionProperties) = preSolution
		HideSolutionNode = FALSE
	EndGlobalSection
	GlobalSection(ExtensibilityGlobals) = postSolution
		SolutionGuid = {1C03F010-BDD3-4FC2-BEE3-F485B58B1E11}
	EndGlobalSection
EndGlobal
